# This file was autogenerated by Stack.
# You should not edit this file by hand.
# For more information, please see the documentation at:
#   https://docs.haskellstack.org/en/stable/lock_files

packages:
- completed:
    hackage: cryptonite-0.24@sha256:4f0865ceb2b6e99f37cb2243831a63ac76b53960c20c75f890f729635551c7d7,16453
    pantry-tree:
      size: 21034
      sha256: 11481d1c7907f723a6a79a9180ddf02b197a6a6acdb23b1a0e8b4d9d8fa1b523
  original:
    hackage: cryptonite-0.24
- completed:
    hackage: resourcet-1.2.0@sha256:7e1ac5c7b82801ce11892a3ab79e1b4d967bcdee8e4dabc807ade8a91261c5af,1606
    pantry-tree:
      size: 647
      sha256: 7f2f35b3e4d5880fe3a7d43f3671d9a29bf3692614410ceffc2c3657c756a097
  original:
    hackage: resourcet-1.2.0
snapshots:
- completed:
    size: 523884
    url: https://raw.githubusercontent.com/commercialhaskell/stackage-snapshots/master/lts/14/4.yaml
    sha256: 16f24be248b42c9e16d59db84378836b1e7c239448a041cae46d32daffa45a8b
  original: lts-14.4
